
Microsoft Visual Studio Solution File, Format Version 12.00
# Visual Studio Version 17
VisualStudioVersion = 17.6.33829.357
MinimumVisualStudioVersion = 10.0.40219.1
Project("{FAE04EC0-301F-11D3-BF4B-00C04F79EFBC}") = "ExceptionFilters", "ExceptionFilters.csproj", "{FBF6B1C2-A211-4971-B6A4-9331843CB64D}"
EndProject
Global
	GlobalSection(SolutionConfigurationPlatforms) = preSolution
		Debug|Any CPU = Debug|Any CPU
		Release|Any CPU = Release|Any CPU
	EndGlobalSection
	GlobalSection(ProjectConfigurationPlatforms) = postSolution
		{FBF6B1C2-A211-4971-B6A4-9331843CB64D}.Debug|Any CPU.ActiveCfg = Debug|Any CPU
		{FBF6B1C2-A211-4971-B6A4-9331843CB64D}.Debug|Any CPU.Build.0 = Debug|Any CPU
		{FBF6B1C2-A211-4971-B6A4-9331843CB64D}.Release|Any CPU.ActiveCfg = Release|Any CPU
		{FBF6B1C2-A211-4971-B6A4-9331843CB64D}.Release|Any CPU.Build.0 = Release|Any CPU
	EndGlobalSection
	GlobalSection(SolutionProperties) = preSolution
		HideSolutionNode = FALSE
	EndGlobalSection
	GlobalSection(ExtensibilityGlobals) = postSolution
		SolutionGuid = {899EA98E-D363-45B5-9B39-206C0817FB97}
	EndGlobalSection
EndGlobal
